
Microsoft Visual Studio Solution File, Format Version 12.00
# Visual Studio 2013
VisualStudioVersion = 12.0.40629.0
MinimumVisualStudioVersion = 10.0.40219.1
Project("{FAE04EC0-301F-11D3-BF4B-00C04F79EFBC}") = "SqlMeta", "SqlMeta\SqlMeta.csproj", "{AE0F14E6-9BB1-4AE0-AEA8-A5C7BF49E390}"
EndProject
Project("{2150E333-8FDC-42A3-9474-1A3956D46DE8}") = ".nuget", ".nuget", "{AD57823A-C14D-4D3E-AFBA-3726D750C401}"
	ProjectSection(SolutionItems) = preProject
		.nuget\NuGet.Config = .nuget\NuGet.Config
		.nuget\NuGet.exe = .nuget\NuGet.exe
		.nuget\NuGet.targets = .nuget\NuGet.targets
	EndProjectSection
EndProject
Project("{FAE04EC0-301F-11D3-BF4B-00C04F79EFBC}") = "SqlMeta.CodeGeneration", "SqlMeta.CodeGeneration\SqlMeta.CodeGeneration.csproj", "{9764D878-1D11-499A-8571-A43479A4E4FC}"
EndProject
Project("{FAE04EC0-301F-11D3-BF4B-00C04F79EFBC}") = "SqlMeta.Tests", "SqlMeta.Tests\SqlMeta.Tests.csproj", "{0B7EEBBB-4ABA-427F-B8E5-F603DDB4E20C}"
EndProject
Project("{00D1A9C2-B5F0-4AF3-8072-F6C62B433612}") = "LocalDatabase", "LocalDatabase\LocalDatabase.sqlproj", "{CCC1F7B7-CB63-4607-B9CC-2A0D55D2F524}"
EndProject
Project("{2150E333-8FDC-42A3-9474-1A3956D46DE8}") = "Solution Items", "Solution Items", "{53DD473D-0415-4672-9B20-0F848C596BE5}"
	ProjectSection(SolutionItems) = preProject
		.gitignore = .gitignore
	EndProjectSection
EndProject
Global
	GlobalSection(SolutionConfigurationPlatforms) = preSolution
		Debug|Any CPU = Debug|Any CPU
		Release|Any CPU = Release|Any CPU
	EndGlobalSection
	GlobalSection(ProjectConfigurationPlatforms) = postSolution
		{AE0F14E6-9BB1-4AE0-AEA8-A5C7BF49E390}.Debug|Any CPU.ActiveCfg = Debug|Any CPU
		{AE0F14E6-9BB1-4AE0-AEA8-A5C7BF49E390}.Debug|Any CPU.Build.0 = Debug|Any CPU
		{AE0F14E6-9BB1-4AE0-AEA8-A5C7BF49E390}.Release|Any CPU.ActiveCfg = Release|Any CPU
		{AE0F14E6-9BB1-4AE0-AEA8-A5C7BF49E390}.Release|Any CPU.Build.0 = Release|Any CPU
		{9764D878-1D11-499A-8571-A43479A4E4FC}.Debug|Any CPU.ActiveCfg = Debug|Any CPU
		{9764D878-1D11-499A-8571-A43479A4E4FC}.Debug|Any CPU.Build.0 = Debug|Any CPU
		{9764D878-1D11-499A-8571-A43479A4E4FC}.Release|Any CPU.ActiveCfg = Release|Any CPU
		{9764D878-1D11-499A-8571-A43479A4E4FC}.Release|Any CPU.Build.0 = Release|Any CPU
		{0B7EEBBB-4ABA-427F-B8E5-F603DDB4E20C}.Debug|Any CPU.ActiveCfg = Debug|Any CPU
		{0B7EEBBB-4ABA-427F-B8E5-F603DDB4E20C}.Debug|Any CPU.Build.0 = Debug|Any CPU
		{0B7EEBBB-4ABA-427F-B8E5-F603DDB4E20C}.Release|Any CPU.ActiveCfg = Release|Any CPU
		{0B7EEBBB-4ABA-427F-B8E5-F603DDB4E20C}.Release|Any CPU.Build.0 = Release|Any CPU
		{CCC1F7B7-CB63-4607-B9CC-2A0D55D2F524}.Debug|Any CPU.ActiveCfg = Debug|Any CPU
		{CCC1F7B7-CB63-4607-B9CC-2A0D55D2F524}.Debug|Any CPU.Build.0 = Debug|Any CPU
		{CCC1F7B7-CB63-4607-B9CC-2A0D55D2F524}.Debug|Any CPU.Deploy.0 = Debug|Any CPU
		{CCC1F7B7-CB63-4607-B9CC-2A0D55D2F524}.Release|Any CPU.ActiveCfg = Release|Any CPU
		{CCC1F7B7-CB63-4607-B9CC-2A0D55D2F524}.Release|Any CPU.Build.0 = Release|Any CPU
		{CCC1F7B7-CB63-4607-B9CC-2A0D55D2F524}.Release|Any CPU.Deploy.0 = Release|Any CPU
	EndGlobalSection
	GlobalSection(SolutionProperties) = preSolution
		HideSolutionNode = FALSE
	EndGlobalSection
EndGlobal
